
Microsoft Visual Studio Solution File, Format Version 12.00
# Visual Studio Version 16
VisualStudioVersion = 16.0.29806.167
MinimumVisualStudioVersion = 10.0.40219.1
Project("{FAE04EC0-301F-11D3-BF4B-00C04F79EFBC}") = "SkiPass", "SkiPass.csproj", "{5830C11B-547E-4B2B-98D0-93D20CD30D2A}"
EndProject
Project("{FAE04EC0-301F-11D3-BF4B-00C04F79EFBC}") = "SkiPassTests", "..\SkiPassTests1\SkiPassTests.csproj", "{0426E0DB-A4CA-4AA5-8AAE-12AA309EBAFA}"
EndProject
Global
	GlobalSection(SolutionConfigurationPlatforms) = preSolution
		Debug|Any CPU = Debug|Any CPU
		Release|Any CPU = Release|Any CPU
	EndGlobalSection
	GlobalSection(ProjectConfigurationPlatforms) = postSolution
		{5830C11B-547E-4B2B-98D0-93D20CD30D2A}.Debug|Any CPU.ActiveCfg = Debug|Any CPU
		{5830C11B-547E-4B2B-98D0-93D20CD30D2A}.Debug|Any CPU.Build.0 = Debug|Any CPU
		{5830C11B-547E-4B2B-98D0-93D20CD30D2A}.Release|Any CPU.ActiveCfg = Release|Any CPU
		{5830C11B-547E-4B2B-98D0-93D20CD30D2A}.Release|Any CPU.Build.0 = Release|Any CPU
		{0426E0DB-A4CA-4AA5-8AAE-12AA309EBAFA}.Debug|Any CPU.ActiveCfg = Debug|Any CPU
		{0426E0DB-A4CA-4AA5-8AAE-12AA309EBAFA}.Debug|Any CPU.Build.0 = Debug|Any CPU
		{0426E0DB-A4CA-4AA5-8AAE-12AA309EBAFA}.Release|Any CPU.ActiveCfg = Release|Any CPU
		{0426E0DB-A4CA-4AA5-8AAE-12AA309EBAFA}.Release|Any CPU.Build.0 = Release|Any CPU
	EndGlobalSection
	GlobalSection(SolutionProperties) = preSolution
		HideSolutionNode = FALSE
	EndGlobalSection
	GlobalSection(ExtensibilityGlobals) = postSolution
		SolutionGuid = {C5019535-933A-48C0-A82B-1473231D29BF}
	EndGlobalSection
EndGlobal
